// !$*UTF8*$!
{
	archiveVersion = 1;
	classes = {
	};
	objectVersion = 77;
	objects = {

/* Begin PBXContainerItemProxy section */
		DD7B81112ECBA42400B50DC5 /* PBXContainerItemProxy */ = {
			isa = PBXContainerItemProxy;
			containerPortal = DD7B80FB2ECBA42300B50DC5 /* Project object */;
			proxyType = 1;
			remoteGlobalIDString = DD7B81022ECBA42300B50DC5;
			remoteInfo = CaregiverApp;
		};
		DD7B811B2ECBA42400B50DC5 /* PBXContainerItemProxy */ = {
			isa = PBXContainerItemProxy;
			containerPortal = DD7B80FB2ECBA42300B50DC5 /* Project object */;
			proxyType = 1;
			remoteGlobalIDString = DD7B81022ECBA42300B50DC5;
			remoteInfo = CaregiverApp;
		};
/* End PBXContainerItemProxy section */

/* Begin PBXFileReference section */
		DD7B81032ECBA42300B50DC5 /* CaregiverApp.app */ = {isa = PBXFileReference; explicitFileType = wrapper.application; includeInIndex = 0; path = CaregiverApp.app; sourceTree = BUILT_PRODUCTS_DIR; };
		DD7B81102ECBA42400B50DC5 /* CaregiverAppTests.xctest */ = {isa = PBXFileReference; explicitFileType = wrapper.cfbundle; includeInIndex = 0; path = CaregiverAppTests.xctest; sourceTree = BUILT_PRODUCTS_DIR; };
		DD7B811A2ECBA42400B50DC5 /* CaregiverAppUITests.xctest */ = {isa = PBXFileReference; explicitFileType = wrapper.cfbundle; includeInIndex = 0; path = CaregiverAppUITests.xctest; sourceTree = BUILT_PRODUCTS_DIR; };
		C0F1600000000000000000A1 /* Signing.xcconfig */ = {isa = PBXFileReference; lastKnownFileType = text.xcconfig; name = Signing.xcconfig; path = Config/Signing.xcconfig; sourceTree = "<group>"; };
/* End PBXFileReference section */

/* Begin PBXFileSystemSynchronizedRootGroup section */
		DD7B81052ECBA42300B50DC5 /* CaregiverApp */ = {
			isa = PBXFileSystemSynchronizedRootGroup;
			path = CaregiverApp;
			sourceTree = "<group>";
		};
		DD7B81132ECBA42400B50DC5 /* CaregiverAppTests */ = {
			isa = PBXFileSystemSynchronizedRootGroup;
			path = CaregiverAppTests;
			sourceTree = "<group>";
		};
		DD7B811D2ECBA42400B50DC5 /* CaregiverAppUITests */ = {
			isa = PBXFileSystemSynchronizedRootGroup;
			path = CaregiverAppUITests;
			sourceTree = "<group>";
		};
/* End PBXFileSystemSynchronizedRootGroup section */

/* Begin PBXFrameworksBuildPhase section */
		DD7B81002ECBA42300B50DC5 /* Frameworks */ = {
			isa = PBXFrameworksBuildPhase;
			buildActionMask = 2147483647;
			files = (
			);
			runOnlyForDeploymentPostprocessing = 0;
		};
		DD7B810D2ECBA42400B50DC5 /* Frameworks */ = {
			isa = PBXFrameworksBuildPhase;
			buildActionMask = 2147483647;
			files = (
			);
			runOnlyForDeploymentPostprocessing = 0;
		};
		DD7B81172ECBA42400B50DC5 /* Frameworks */ = {
			isa = PBXFrameworksBuildPhase;
			buildActionMask = 2147483647;
			files = (
			);
			runOnlyForDeploymentPostprocessing = 0;
		};
/* End PBXFrameworksBuildPhase section */

/* Begin PBXGroup section */
		DD7B80FA2ECBA42300B50DC5 = {
			isa = PBXGroup;
			children = (
				DD7B81052ECBA42300B50DC5 /* CaregiverApp */,
				DD7B81132ECBA42400B50DC5 /* CaregiverAppTests */,
				DD7B811D2ECBA42400B50DC5 /* CaregiverAppUITests */,
				C0F1600000000000000000A1 /* Signing.xcconfig */,
				DD7B81042ECBA42300B50DC5 /* Products */,
			);
			sourceTree = "<group>";
		};
		DD7B81042ECBA42300B50DC5 /* Products */ = {
			isa = PBXGroup;
			children = (
				DD7B81032ECBA42300B50DC5 /* CaregiverApp.app */,
				DD7B81102ECBA42400B50DC5 /* CaregiverAppTests.xctest */,
				DD7B811A2ECBA42400B50DC5 /* CaregiverAppUITests.xctest */,
			);
			name = Products;
			sourceTree = "<group>";
		};
/* End PBXGroup section */

/* Begin PBXNativeTarget section */
		DD7B81022ECBA42300B50DC5 /* CaregiverApp */ = {
			isa = PBXNativeTarget;
			buildConfigurationList = DD7B81242ECBA42400B50DC5 /* Build configuration list for PBXNativeTarget "CaregiverApp" */;
			buildPhases = (
				DD7B80FF2ECBA42300B50DC5 /* Sources */,
				DD7B81002ECBA42300B50DC5 /* Frameworks */,
				DD7B81012ECBA42300B50DC5 /* Resources */,
			);
			buildRules = (
			);
			dependencies = (
			);
			fileSystemSynchronizedGroups = (
				DD7B81052ECBA42300B50DC5 /* CaregiverApp */,
			);
			name = CaregiverApp;
			packageProductDependencies = (
			);
			productName = CaregiverApp;
			productReference = DD7B81032ECBA42300B50DC5 /* CaregiverApp.app */;
			productType = "com.apple.product-type.application";
		};
		DD7B810F2ECBA42400B50DC5 /* CaregiverAppTests */ = {
			isa = PBXNativeTarget;
			buildConfigurationList = DD7B81272ECBA42400B50DC5 /* Build configuration list for PBXNativeTarget "CaregiverAppTests" */;
			buildPhases = (
				DD7B810C2ECBA42400B50DC5 /* Sources */,
				DD7B810D2ECBA42400B50DC5 /* Frameworks */,
				DD7B810E2ECBA42400B50DC5 /* Resources */,
			);
			buildRules = (
			);
			dependencies = (
				DD7B81122ECBA42400B50DC5 /* PBXTargetDependency */,
			);
			fileSystemSynchronizedGroups = (
				DD7B81132ECBA42400B50DC5 /* CaregiverAppTests */,
			);
			name = CaregiverAppTests;
			packageProductDependencies = (
			);
			productName = CaregiverAppTests;
			productReference = DD7B81102ECBA42400B50DC5 /* CaregiverAppTests.xctest */;
			productType = "com.apple.product-type.bundle.unit-test";
		};
		DD7B81192ECBA42400B50DC5 /* CaregiverAppUITests */ = {
			isa = PBXNativeTarget;
			buildConfigurationList = DD7B812A2ECBA42400B50DC5 /* Build configuration list for PBXNativeTarget "CaregiverAppUITests" */;
			buildPhases = (
				DD7B81162ECBA42400B50DC5 /* Sources */,
				DD7B81172ECBA42400B50DC5 /* Frameworks */,
				DD7B81182ECBA42400B50DC5 /* Resources */,
			);
			buildRules = (
			);
			dependencies = (
				DD7B811C2ECBA42400B50DC5 /* PBXTargetDependency */,
			);
			fileSystemSynchronizedGroups = (
				DD7B811D2ECBA42400B50DC5 /* CaregiverAppUITests */,
			);
			name = CaregiverAppUITests;
			packageProductDependencies = (
			);
			productName = CaregiverAppUITests;
			productReference = DD7B811A2ECBA42400B50DC5 /* CaregiverAppUITests.xctest */;
			productType = "com.apple.product-type.bundle.ui-testing";
		};
/* End PBXNativeTarget section */

/* Begin PBXProject section */
		DD7B80FB2ECBA42300B50DC5 /* Project object */ = {
			isa = PBXProject;
			attributes = {
				BuildIndependentTargetsInParallel = 1;
				LastSwiftUpdateCheck = 1640;
				LastUpgradeCheck = 1640;
				TargetAttributes = {
					DD7B81022ECBA42300B50DC5 = {
						CreatedOnToolsVersion = 16.4;
					};
					DD7B810F2ECBA42400B50DC5 = {
						CreatedOnToolsVersion = 16.4;
						TestTargetID = DD7B81022ECBA42300B50DC5;
					};
					DD7B81192ECBA42400B50DC5 = {
						CreatedOnToolsVersion = 16.4;
						TestTargetID = DD7B81022ECBA42300B50DC5;
					};
				};
			};
			buildConfigurationList = DD7B80FE2ECBA42300B50DC5 /* Build configuration list for PBXProject "CaregiverApp" */;
			developmentRegion = en;
			hasScannedForEncodings = 0;
			knownRegions = (
				en,
				Base,
			);
			mainGroup = DD7B80FA2ECBA42300B50DC5;
			minimizedProjectReferenceProxies = 1;
			preferredProjectObjectVersion = 77;
			productRefGroup = DD7B81042ECBA42300B50DC5 /* Products */;
			projectDirPath = "";
			projectRoot = "";
			targets = (
				DD7B81022ECBA42300B50DC5 /* CaregiverApp */,
				DD7B810F2ECBA42400B50DC5 /* CaregiverAppTests */,
				DD7B81192ECBA42400B50DC5 /* CaregiverAppUITests */,
			);
		};
/* End PBXProject section */

/* Begin PBXResourcesBuildPhase section */
		DD7B81012ECBA42300B50DC5 /* Resources */ = {
			isa = PBXResourcesBuildPhase;
			buildActionMask = 2147483647;
			files = (
			);
			runOnlyForDeploymentPostprocessing = 0;
		};
		DD7B810E2ECBA42400B50DC5 /* Resources */ = {
			isa = PBXResourcesBuildPhase;
			buildActionMask = 2147483647;
			files = (
			);
			runOnlyForDeploymentPostprocessing = 0;
		};
		DD7B81182ECBA42400B50DC5 /* Resources */ = {
			isa = PBXResourcesBuildPhase;
			buildActionMask = 2147483647;
			files = (
			);
			runOnlyForDeploymentPostprocessing = 0;
		};
/* End PBXResourcesBuildPhase section */

/* Begin PBXSourcesBuildPhase section */
		DD7B80FF2ECBA42300B50DC5 /* Sources */ = {
			isa = PBXSourcesBuildPhase;
			buildActionMask = 2147483647;
			files = (
			);
			runOnlyForDeploymentPostprocessing = 0;
		};
		DD7B810C2ECBA42400B50DC5 /* Sources */ = {
			isa = PBXSourcesBuildPhase;
			buildActionMask = 2147483647;
			files = (
			);
			runOnlyForDeploymentPostprocessing = 0;
		};
		DD7B81162ECBA42400B50DC5 /* Sources */ = {
			isa = PBXSourcesBuildPhase;
			buildActionMask = 2147483647;
			files = (
			);
			runOnlyForDeploymentPostprocessing = 0;
		};
/* End PBXSourcesBuildPhase section */

/* Begin PBXTargetDependency section */
		DD7B81122ECBA42400B50DC5 /* PBXTargetDependency */ = {
			isa = PBXTargetDependency;
			target = DD7B81022ECBA42300B50DC5 /* CaregiverApp */;
			targetProxy = DD7B81112ECBA42400B50DC5 /* PBXContainerItemProxy */;
		};
		DD7B811C2ECBA42400B50DC5 /* PBXTargetDependency */ = {
			isa = PBXTargetDependency;
			target = DD7B81022ECBA42300B50DC5 /* CaregiverApp */;
			targetProxy = DD7B811B2ECBA42400B50DC5 /* PBXContainerItemProxy */;
		};
/* End PBXTargetDependency section */

/* Begin XCBuildConfiguration section */
		DD7B81222ECBA42400B50DC5 /* Debug */ = {
			isa = XCBuildConfiguration;
			buildSettings = {
				ALWAYS_SEARCH_USER_PATHS = NO;
				ASSETCATALOG_COMPILER_GENERATE_SWIFT_ASSET_SYMBOL_EXTENSIONS = YES;
				CLANG_ANALYZER_NONNULL = YES;
				CLANG_ANALYZER_NUMBER_OBJECT_CONVERSION = YES_AGGRESSIVE;
				CLANG_CXX_LANGUAGE_STANDARD = "gnu++20";
				CLANG_ENABLE_MODULES = YES;
				CLANG_ENABLE_OBJC_ARC = YES;
				CLANG_ENABLE_OBJC_WEAK = YES;
				CLANG_WARN_BLOCK_CAPTURE_AUTORELEASING = YES;
				CLANG_WARN_BOOL_CONVERSION = YES;
				CLANG_WARN_COMMA = YES;
				CLANG_WARN_CONSTANT_CONVERSION = YES;
				CLANG_WARN_DEPRECATED_OBJC_IMPLEMENTATIONS = YES;
				CLANG_WARN_DIRECT_OBJC_ISA_USAGE = YES_ERROR;
				CLANG_WARN_DOCUMENTATION_COMMENTS = YES;
				CLANG_WARN_EMPTY_BODY = YES;
				CLANG_WARN_ENUM_CONVERSION = YES;
				CLANG_WARN_INFINITE_RECURSION = YES;
				CLANG_WARN_INT_CONVERSION = YES;
				CLANG_WARN_NON_LITERAL_NULL_CONVERSION = YES;
				CLANG_WARN_OBJC_IMPLICIT_RETAIN_SELF = YES;
				CLANG_WARN_OBJC_LITERAL_CONVERSION = YES;
				CLANG_WARN_OBJC_ROOT_CLASS = YES_ERROR;
				CLANG_WARN_QUOTED_INCLUDE_IN_FRAMEWORK_HEADER = YES;
				CLANG_WARN_RANGE_LOOP_ANALYSIS = YES;
				CLANG_WARN_STRICT_PROTOTYPES = YES;
				CLANG_WARN_SUSPICIOUS_MOVE = YES;
				CLANG_WARN_UNGUARDED_AVAILABILITY = YES_AGGRESSIVE;
				CLANG_WARN_UNREACHABLE_CODE = YES;
				CLANG_WARN__DUPLICATE_METHOD_MATCH = YES;
				COPY_PHASE_STRIP = NO;
				DEBUG_INFORMATION_FORMAT = dwarf;
				ENABLE_STRICT_OBJC_MSGSEND = YES;
				ENABLE_TESTABILITY = YES;
				ENABLE_USER_SCRIPT_SANDBOXING = YES;
				GCC_C_LANGUAGE_STANDARD = gnu17;
				GCC_DYNAMIC_NO_PIC = NO;
				GCC_NO_COMMON_BLOCKS = YES;
				GCC_OPTIMIZATION_LEVEL = 0;
				GCC_PREPROCESSOR_DEFINITIONS = (
					"DEBUG=1",
					"$(inherited)",
				);
				GCC_WARN_64_TO_32_BIT_CONVERSION = YES;
				GCC_WARN_ABOUT_RETURN_TYPE = YES_ERROR;
				GCC_WARN_UNDECLARED_SELECTOR = YES;
				GCC_WARN_UNINITIALIZED_AUTOS = YES_AGGRESSIVE;
				GCC_WARN_UNUSED_FUNCTION = YES;
				GCC_WARN_UNUSED_VARIABLE = YES;
				IPHONEOS_DEPLOYMENT_TARGET = 18.5;
				LOCALIZATION_PREFERS_STRING_CATALOGS = YES;
				MTL_ENABLE_DEBUG_INFO = INCLUDE_SOURCE;
				MTL_FAST_MATH = YES;
				ONLY_ACTIVE_ARCH = YES;
				SDKROOT = iphoneos;
				SWIFT_ACTIVE_COMPILATION_CONDITIONS = "DEBUG $(inherited)";
				SWIFT_OPTIMIZATION_LEVEL = "-Onone";
			};
			name = Debug;
		};
		DD7B81232ECBA42400B50DC5 /* Release */ = {
			isa = XCBuildConfiguration;
			buildSettings = {
				ALWAYS_SEARCH_USER_PATHS = NO;
				ASSETCATALOG_COMPILER_GENERATE_SWIFT_ASSET_SYMBOL_EXTENSIONS = YES;
				CLANG_ANALYZER_NONNULL = YES;
				CLANG_ANALYZER_NUMBER_OBJECT_CONVERSION = YES_AGGRESSIVE;
				CLANG_CXX_LANGUAGE_STANDARD = "gnu++20";
				CLANG_ENABLE_MODULES = YES;
				CLANG_ENABLE_OBJC_ARC = YES;
				CLANG_ENABLE_OBJC_WEAK = YES;
				CLANG_WARN_BLOCK_CAPTURE_AUTORELEASING = YES;
				CLANG_WARN_BOOL_CONVERSION = YES;
				CLANG_WARN_COMMA = YES;
				CLANG_WARN_CONSTANT_CONVERSION = YES;
				CLANG_WARN_DEPRECATED_OBJC_IMPLEMENTATIONS = YES;
				CLANG_WARN_DIRECT_OBJC_ISA_USAGE = YES_ERROR;
				CLANG_WARN_DOCUMENTATION_COMMENTS = YES;
				CLANG_WARN_EMPTY_BODY = YES;
				CLANG_WARN_ENUM_CONVERSION = YES;
				CLANG_WARN_INFINITE_RECURSION = YES;
				CLANG_WARN_INT_CONVERSION = YES;
				CLANG_WARN_NON_LITERAL_NULL_CONVERSION = YES;
				CLANG_WARN_OBJC_IMPLICIT_RETAIN_SELF = YES;
				CLANG_WARN_OBJC_LITERAL_CONVERSION = YES;
				CLANG_WARN_OBJC_ROOT_CLASS = YES_ERROR;
				CLANG_WARN_QUOTED_INCLUDE_IN_FRAMEWORK_HEADER = YES;
				CLANG_WARN_RANGE_LOOP_ANALYSIS = YES;
				CLANG_WARN_STRICT_PROTOTYPES = YES;
				CLANG_WARN_SUSPICIOUS_MOVE = YES;
				CLANG_WARN_UNGUARDED_AVAILABILITY = YES_AGGRESSIVE;
				CLANG_WARN_UNREACHABLE_CODE = YES;
				CLANG_WARN__DUPLICATE_METHOD_MATCH = YES;
				COPY_PHASE_STRIP = NO;
				DEBUG_INFORMATION_FORMAT = "dwarf-with-dsym";
				ENABLE_NS_ASSERTIONS = NO;
				ENABLE_STRICT_OBJC_MSGSEND = YES;
				ENABLE_USER_SCRIPT_SANDBOXING = YES;
				GCC_C_LANGUAGE_STANDARD = gnu17;
				GCC_NO_COMMON_BLOCKS = YES;
				GCC_WARN_64_TO_32_BIT_CONVERSION = YES;
				GCC_WARN_ABOUT_RETURN_TYPE = YES_ERROR;
				GCC_WARN_UNDECLARED_SELECTOR = YES;
				GCC_WARN_UNINITIALIZED_AUTOS = YES_AGGRESSIVE;
				GCC_WARN_UNUSED_FUNCTION = YES;
				GCC_WARN_UNUSED_VARIABLE = YES;
				IPHONEOS_DEPLOYMENT_TARGET = 18.5;
				LOCALIZATION_PREFERS_STRING_CATALOGS = YES;
				MTL_ENABLE_DEBUG_INFO = NO;
				MTL_FAST_MATH = YES;
				SDKROOT = iphoneos;
				SWIFT_COMPILATION_MODE = wholemodule;
				VALIDATE_PRODUCT = YES;
			};
			name = Release;
		};
		DD7B81252ECBA42400B50DC5 /* Debug */ = {
			isa = XCBuildConfiguration;
			baseConfigurationReference = C0F1600000000000000000A1 /* Signing.xcconfig */;
			buildSettings = {
				ASSETCATALOG_COMPILER_APPICON_NAME = AppIcon;
				ASSETCATALOG_COMPILER_GLOBAL_ACCENT_COLOR_NAME = AccentColor;
				CODE_SIGN_STYLE = Automatic;
				CURRENT_PROJECT_VERSION = 1;
				ENABLE_PREVIEWS = YES;
				GENERATE_INFOPLIST_FILE = YES;
				INFOPLIST_KEY_UIApplicationSceneManifest_Generation = YES;
				INFOPLIST_KEY_UIApplicationSupportsIndirectInputEvents = YES;
				INFOPLIST_KEY_UILaunchScreen_Generation = YES;
				INFOPLIST_KEY_UISupportedInterfaceOrientations_iPad = "UIInterfaceOrientationPortrait UIInterfaceOrientationPortraitUpsideDown UIInterfaceOrientationLandscapeLeft UIInterfaceOrientationLandscapeRight";
				INFOPLIST_KEY_UISupportedInterfaceOrientations_iPhone = "UIInterfaceOrientationPortrait UIInterfaceOrientationLandscapeLeft UIInterfaceOrientationLandscapeRight";
				LD_RUNPATH_SEARCH_PATHS = (
					"$(inherited)",
					"@executable_path/Frameworks",
				);
				MARKETING_VERSION = 1.0;
				PRODUCT_BUNDLE_IDENTIFIER = communicationsPlatform.CaregiverApp;
				PRODUCT_NAME = "$(TARGET_NAME)";
				SWIFT_EMIT_LOC_STRINGS = YES;
				SWIFT_VERSION = 5.0;
				TARGETED_DEVICE_FAMILY = "1,2";
			};
			name = Debug;
		};
		DD7B81262ECBA42400B50DC5 /* Release */ = {
			isa = XCBuildConfiguration;
			baseConfigurationReference = C0F1600000000000000000A1 /* Signing.xcconfig */;
			buildSettings = {
				ASSETCATALOG_COMPILER_APPICON_NAME = AppIcon;
				ASSETCATALOG_COMPILER_GLOBAL_ACCENT_COLOR_NAME = AccentColor;
				CODE_SIGN_STYLE = Automatic;
				CURRENT_PROJECT_VERSION = 1;
				ENABLE_PREVIEWS = YES;
				GENERATE_INFOPLIST_FILE = YES;
				INFOPLIST_KEY_UIApplicationSceneManifest_Generation = YES;
				INFOPLIST_KEY_UIApplicationSupportsIndirectInputEvents = YES;
				INFOPLIST_KEY_UILaunchScreen_Generation = YES;
				INFOPLIST_KEY_UISupportedInterfaceOrientations_iPad = "UIInterfaceOrientationPortrait UIInterfaceOrientationPortraitUpsideDown UIInterfaceOrientationLandscapeLeft UIInterfaceOrientationLandscapeRight";
				INFOPLIST_KEY_UISupportedInterfaceOrientations_iPhone = "UIInterfaceOrientationPortrait UIInterfaceOrientationLandscapeLeft UIInterfaceOrientationLandscapeRight";
				LD_RUNPATH_SEARCH_PATHS = (
					"$(inherited)",
					"@executable_path/Frameworks",
				);
				MARKETING_VERSION = 1.0;
				PRODUCT_BUNDLE_IDENTIFIER = communicationsPlatform.CaregiverApp;
				PRODUCT_NAME = "$(TARGET_NAME)";
				SWIFT_EMIT_LOC_STRINGS = YES;
				SWIFT_VERSION = 5.0;
				TARGETED_DEVICE_FAMILY = "1,2";
			};
			name = Release;
		};
		DD7B81282ECBA42400B50DC5 /* Debug */ = {
			isa = XCBuildConfiguration;
			buildSettings = {
				BUNDLE_LOADER = "$(TEST_HOST)";
				CODE_SIGN_STYLE = Automatic;
				CURRENT_PROJECT_VERSION = 1;
				GENERATE_INFOPLIST_FILE = YES;
				IPHONEOS_DEPLOYMENT_TARGET = 18.5;
				MARKETING_VERSION = 1.0;
				PRODUCT_BUNDLE_IDENTIFIER = communicationsPlatform.CaregiverAppTests;
				PRODUCT_NAME = "$(TARGET_NAME)";
				SWIFT_EMIT_LOC_STRINGS = NO;
				SWIFT_VERSION = 5.0;
				TARGETED_DEVICE_FAMILY = "1,2";
				TEST_HOST = "$(BUILT_PRODUCTS_DIR)/CaregiverApp.app/$(BUNDLE_EXECUTABLE_FOLDER_PATH)/CaregiverApp";
			};
			name = Debug;
		};
		DD7B81292ECBA42400B50DC5 /* Release */ = {
			isa = XCBuildConfiguration;
			buildSettings = {
				BUNDLE_LOADER = "$(TEST_HOST)";
				CODE_SIGN_STYLE = Automatic;
				CURRENT_PROJECT_VERSION = 1;
				GENERATE_INFOPLIST_FILE = YES;
				IPHONEOS_DEPLOYMENT_TARGET = 18.5;
				MARKETING_VERSION = 1.0;
				PRODUCT_BUNDLE_IDENTIFIER = communicationsPlatform.CaregiverAppTests;
				PRODUCT_NAME = "$(TARGET_NAME)";
				SWIFT_EMIT_LOC_STRINGS = NO;
				SWIFT_VERSION = 5.0;
				TARGETED_DEVICE_FAMILY = "1,2";
				TEST_HOST = "$(BUILT_PRODUCTS_DIR)/CaregiverApp.app/$(BUNDLE_EXECUTABLE_FOLDER_PATH)/CaregiverApp";
			};
			name = Release;
		};
		DD7B812B2ECBA42400B50DC5 /* Debug */ = {
			isa = XCBuildConfiguration;
			buildSettings = {
				CODE_SIGN_STYLE = Automatic;
				CURRENT_PROJECT_VERSION = 1;
				GENERATE_INFOPLIST_FILE = YES;
				MARKETING_VERSION = 1.0;
				PRODUCT_BUNDLE_IDENTIFIER = communicationsPlatform.CaregiverAppUITests;
				PRODUCT_NAME = "$(TARGET_NAME)";
				SWIFT_EMIT_LOC_STRINGS = NO;
				SWIFT_VERSION = 5.0;
				TARGETED_DEVICE_FAMILY = "1,2";
				TEST_TARGET_NAME = CaregiverApp;
			};
			name = Debug;
		};
		DD7B812C2ECBA42400B50DC5 /* Release */ = {
			isa = XCBuildConfiguration;
			buildSettings = {
				CODE_SIGN_STYLE = Automatic;
				CURRENT_PROJECT_VERSION = 1;
				GENERATE_INFOPLIST_FILE = YES;
				MARKETING_VERSION = 1.0;
				PRODUCT_BUNDLE_IDENTIFIER = communicationsPlatform.CaregiverAppUITests;
				PRODUCT_NAME = "$(TARGET_NAME)";
				SWIFT_EMIT_LOC_STRINGS = NO;
				SWIFT_VERSION = 5.0;
				TARGETED_DEVICE_FAMILY = "1,2";
				TEST_TARGET_NAME = CaregiverApp;
			};
			name = Release;
		};
/* End XCBuildConfiguration section */

/* Begin XCConfigurationList section */
		DD7B80FE2ECBA42300B50DC5 /* Build configuration list for PBXProject "CaregiverApp" */ = {
			isa = XCConfigurationList;
			buildConfigurations = (
				DD7B81222ECBA42400B50DC5 /* Debug */,
				DD7B81232ECBA42400B50DC5 /* Release */,
			);
			defaultConfigurationIsVisible = 0;
			defaultConfigurationName = Release;
		};
		DD7B81242ECBA42400B50DC5 /* Build configuration list for PBXNativeTarget "CaregiverApp" */ = {
			isa = XCConfigurationList;
			buildConfigurations = (
				DD7B81252ECBA42400B50DC5 /* Debug */,
				DD7B81262ECBA42400B50DC5 /* Release */,
			);
			defaultConfigurationIsVisible = 0;
			defaultConfigurationName = Release;
		};
		DD7B81272ECBA42400B50DC5 /* Build configuration list for PBXNativeTarget "CaregiverAppTests" */ = {
			isa = XCConfigurationList;
			buildConfigurations = (
				DD7B81282ECBA42400B50DC5 /* Debug */,
				DD7B81292ECBA42400B50DC5 /* Release */,
			);
			defaultConfigurationIsVisible = 0;
			defaultConfigurationName = Release;
		};
		DD7B812A2ECBA42400B50DC5 /* Build configuration list for PBXNativeTarget "CaregiverAppUITests" */ = {
			isa = XCConfigurationList;
			buildConfigurations = (
				DD7B812B2ECBA42400B50DC5 /* Debug */,
				DD7B812C2ECBA42400B50DC5 /* Release */,
			);
			defaultConfigurationIsVisible = 0;
			defaultConfigurationName = Release;
		};
/* End XCConfigurationList section */
	};
	rootObject = DD7B80FB2ECBA42300B50DC5 /* Project object */;
}
